
Microsoft Visual Studio Solution File, Format Version 12.00
# Visual Studio Version 17
VisualStudioVersion = 17.1.32210.238
MinimumVisualStudioVersion = 10.0.40219.1
Project("{FAE04EC0-301F-11D3-BF4B-00C04F79EFBC}") = "Console App", "Console App.csproj", "{DB1E9FB0-EB2D-42A8-833C-5F75E8232ECF}"
EndProject
Global
	GlobalSection(SolutionConfigurationPlatforms) = preSolution
		Debug|Any CPU = Debug|Any CPU
		Release|Any CPU = Release|Any CPU
	EndGlobalSection
	GlobalSection(ProjectConfigurationPlatforms) = postSolution
		{DB1E9FB0-EB2D-42A8-833C-5F75E8232ECF}.Debug|Any CPU.ActiveCfg = Debug|Any CPU
		{DB1E9FB0-EB2D-42A8-833C-5F75E8232ECF}.Debug|Any CPU.Build.0 = Debug|Any CPU
		{DB1E9FB0-EB2D-42A8-833C-5F75E8232ECF}.Release|Any CPU.ActiveCfg = Release|Any CPU
		{DB1E9FB0-EB2D-42A8-833C-5F75E8232ECF}.Release|Any CPU.Build.0 = Release|Any CPU
	EndGlobalSection
	GlobalSection(SolutionProperties) = preSolution
		HideSolutionNode = FALSE
	EndGlobalSection
	GlobalSection(ExtensibilityGlobals) = postSolution
		SolutionGuid = {18A05974-17A9-413F-B0B6-B08CF2228EE4}
	EndGlobalSection
EndGlobal
